PODS:
  - Alamofire (4.5.1)
  - AlamofireNetworkActivityIndicator (2.2.0):
    - Alamofire (~> 4.5)
  - DKImagePickerController (3.6.1):
    - DKImagePickerController/Camera (= 3.6.1)
    - DKImagePickerController/ImageManager (= 3.6.1)
  - DKImagePickerController/Camera (3.6.1)
  - DKImagePickerController/ImageManager (3.6.1)
  - Firebase/Core (4.1.1):
    - FirebaseAnalytics (= 4.0.3)
    - FirebaseCore (= 4.0.6)
  - FirebaseAnalytics (4.0.3):
    - FirebaseCore (~> 4.0)
    - FirebaseInstanceID (~> 2.0)
    - GoogleToolboxForMac/NSData+zlib (~> 2.1)
    - nanopb (~> 0.3)
  - FirebaseCore (4.0.6):
    - GoogleToolboxForMac/NSData+zlib (~> 2.1)
    - nanopb (~> 0.3)
  - FirebaseInstanceID (2.0.2):
    - FirebaseCore (~> 4.0)
  - GoogleToolboxForMac/Defines (2.1.1)
  - GoogleToolboxForMac/NSData+zlib (2.1.1):
    - GoogleToolboxForMac/Defines (= 2.1.1)
  - Kingfisher (3.13.0)
  - nanopb (0.3.8):
    - nanopb/decode (= 0.3.8)
    - nanopb/encode (= 0.3.8)
  - nanopb/decode (0.3.8)
  - nanopb/encode (0.3.8)
  - Polyline (4.1.1)
  - SnapKit (3.2.0)
  - SwiftyJSON (3.1.4)

DEPENDENCIES:
  - Alamofire (~> 4.5)
  - AlamofireNetworkActivityIndicator (~> 2.2)
  - DKImagePickerController
  - Firebase/Core
  - Kingfisher (~> 3.12)
  - Polyline (~> 4.0)
  - SnapKit
  - SwiftyJSON

SPEC CHECKSUMS:
  Alamofire: 2d95912bf4c34f164fdfc335872e8c312acaea4a
  AlamofireNetworkActivityIndicator: 81e1630e7cfed22a4e4e82a174c59e651dc4f8ca
  DKImagePickerController: 4f8072aed44119a33955c9583273ea7c8739c0f4
  Firebase: 052c0de688fc87b414996eea13e223dd9fee3fa2
  FirebaseAnalytics: 76f754d37ca5b04f36856729b6af3ca0152d1069
  FirebaseCore: 28def3c643989c97ea5a69ea5000f5fa9902b9fd
  FirebaseInstanceID: c4c7fca62c7b7330caee5da04f19a37ea37bb1c1
  GoogleToolboxForMac: 8e329f1b599f2512c6b10676d45736bcc2cbbeb0
  Kingfisher: 7eebf6000ac64401839f10da37f21eefa7d88970
  nanopb: 5601e6bca2dbf1ed831b519092ec110f66982ca3
  Polyline: 381d1e699fd12508f97cfc468478dfbab67edf1f
  SnapKit: 1ca44df72cfa543218d177cb8aab029d10d86ea7
  SwiftyJSON: c2842d878f95482ffceec5709abc3d05680c0220

PODFILE CHECKSUM: e0519455b38fac678362e6c0d607479efcf4283e

COCOAPODS: 1.2.1
